
Microsoft Visual Studio Solution File, Format Version 12.00
# Visual Studio Version 17
VisualStudioVersion = 17.8.34316.72
MinimumVisualStudioVersion = 10.0.40219.1
Project("{FAE04EC0-301F-11D3-BF4B-00C04F79EFBC}") = "BankDataAccess2", "BankDataAccess2\BankDataAccess2.csproj", "{740DD0C5-6DC1-47BB-90F5-7566CE23BA25}"
EndProject
Global
	GlobalSection(SolutionConfigurationPlatforms) = preSolution
		Debug|Any CPU = Debug|Any CPU
		Release|Any CPU = Release|Any CPU
	EndGlobalSection
	GlobalSection(ProjectConfigurationPlatforms) = postSolution
		{740DD0C5-6DC1-47BB-90F5-7566CE23BA25}.Debug|Any CPU.ActiveCfg = Debug|Any CPU
		{740DD0C5-6DC1-47BB-90F5-7566CE23BA25}.Debug|Any CPU.Build.0 = Debug|Any CPU
		{740DD0C5-6DC1-47BB-90F5-7566CE23BA25}.Release|Any CPU.ActiveCfg = Release|Any CPU
		{740DD0C5-6DC1-47BB-90F5-7566CE23BA25}.Release|Any CPU.Build.0 = Release|Any CPU
	EndGlobalSection
	GlobalSection(SolutionProperties) = preSolution
		HideSolutionNode = FALSE
	EndGlobalSection
	GlobalSection(ExtensibilityGlobals) = postSolution
		SolutionGuid = {764ABD34-6D94-44DA-90A6-1AD4D47806DE}
	EndGlobalSection
EndGlobal
